
Microsoft Visual Studio Solution File, Format Version 12.00
# Visual Studio Version 17
VisualStudioVersion = 17.2.32616.157
MinimumVisualStudioVersion = 10.0.40219.1
Project("{9A19103F-16F7-4668-BE54-9A1E7A4F7556}") = "OOP1", "OOP1\OOP1.csproj", "{E491B9B7-3B33-412A-B6BE-9F3105816F4E}"
EndProject
Project("{FAE04EC0-301F-11D3-BF4B-00C04F79EFBC}") = "OOP2", "OOP2\OOP2.csproj", "{EEC0EBC4-49AA-4295-BFE4-B8D72B120253}"
EndProject
Project("{FAE04EC0-301F-11D3-BF4B-00C04F79EFBC}") = "OOP3", "OOP3\OOP3.csproj", "{3C612B89-006B-4680-9D02-3A6D59AA5336}"
EndProject
Global
	GlobalSection(SolutionConfigurationPlatforms) = preSolution
		Debug|Any CPU = Debug|Any CPU
		Release|Any CPU = Release|Any CPU
	EndGlobalSection
	GlobalSection(ProjectConfigurationPlatforms) = postSolution
		{E491B9B7-3B33-412A-B6BE-9F3105816F4E}.Debug|Any CPU.ActiveCfg = Debug|Any CPU
		{E491B9B7-3B33-412A-B6BE-9F3105816F4E}.Debug|Any CPU.Build.0 = Debug|Any CPU
		{E491B9B7-3B33-412A-B6BE-9F3105816F4E}.Release|Any CPU.ActiveCfg = Release|Any CPU
		{E491B9B7-3B33-412A-B6BE-9F3105816F4E}.Release|Any CPU.Build.0 = Release|Any CPU
		{EEC0EBC4-49AA-4295-BFE4-B8D72B120253}.Debug|Any CPU.ActiveCfg = Debug|Any CPU
		{EEC0EBC4-49AA-4295-BFE4-B8D72B120253}.Debug|Any CPU.Build.0 = Debug|Any CPU
		{EEC0EBC4-49AA-4295-BFE4-B8D72B120253}.Release|Any CPU.ActiveCfg = Release|Any CPU
		{EEC0EBC4-49AA-4295-BFE4-B8D72B120253}.Release|Any CPU.Build.0 = Release|Any CPU
		{3C612B89-006B-4680-9D02-3A6D59AA5336}.Debug|Any CPU.ActiveCfg = Debug|Any CPU
		{3C612B89-006B-4680-9D02-3A6D59AA5336}.Debug|Any CPU.Build.0 = Debug|Any CPU
		{3C612B89-006B-4680-9D02-3A6D59AA5336}.Release|Any CPU.ActiveCfg = Release|Any CPU
		{3C612B89-006B-4680-9D02-3A6D59AA5336}.Release|Any CPU.Build.0 = Release|Any CPU
	EndGlobalSection
	GlobalSection(SolutionProperties) = preSolution
		HideSolutionNode = FALSE
	EndGlobalSection
	GlobalSection(ExtensibilityGlobals) = postSolution
		SolutionGuid = {843C4F90-96F4-4FE5-B060-C3C4F8FC0299}
	EndGlobalSection
EndGlobal
